// !$*UTF8*$!
{
	archiveVersion = 1;
	classes = {
	};
	objectVersion = 50;
	objects = {

/* Begin PBXBuildFile section */
		F312764F21720340002081A0 /* HuffmanTree.swift in Sources */ = {isa = PBXBuildFile; fileRef = F312764E21720340002081A0 /* HuffmanTree.swift */; };
		F3127651217206B5002081A0 /* Tree.swift in Sources */ = {isa = PBXBuildFile; fileRef = F3127650217206B5002081A0 /* Tree.swift */; };
		F312765321722AB8002081A0 /* Heap.swift in Sources */ = {isa = PBXBuildFile; fileRef = F312765221722AB8002081A0 /* Heap.swift */; };
		F3C15E5A2170DF15008AE773 /* main.c in Sources */ = {isa = PBXBuildFile; fileRef = F3C15E592170DF15008AE773 /* main.c */; };
		F3C15E622170E083008AE773 /* HTree.c in Sources */ = {isa = PBXBuildFile; fileRef = F3C15E612170E083008AE773 /* HTree.c */; };
		F3C15E6A21716BE1008AE773 /* main.swift in Sources */ = {isa = PBXBuildFile; fileRef = F3C15E6921716BE1008AE773 /* main.swift */; };
/* End PBXBuildFile section */

/* Begin PBXCopyFilesBuildPhase section */
		F3C15E542170DF15008AE773 /* CopyFiles */ = {
			isa = PBXCopyFilesBuildPhase;
			buildActionMask = 2147483647;
			dstPath = /usr/share/man/man1/;
			dstSubfolderSpec = 0;
			files = (
			);
			runOnlyForDeploymentPostprocessing = 1;
		};
		F3C15E6521716BE1008AE773 /* CopyFiles */ = {
			isa = PBXCopyFilesBuildPhase;
			buildActionMask = 2147483647;
			dstPath = /usr/share/man/man1/;
			dstSubfolderSpec = 0;
			files = (
			);
			runOnlyForDeploymentPostprocessing = 1;
		};
/* End PBXCopyFilesBuildPhase section */

/* Begin PBXFileReference section */
		F312764E21720340002081A0 /* HuffmanTree.swift */ = {isa = PBXFileReference; lastKnownFileType = sourcecode.swift; path = HuffmanTree.swift; sourceTree = "<group>"; };
		F3127650217206B5002081A0 /* Tree.swift */ = {isa = PBXFileReference; lastKnownFileType = sourcecode.swift; path = Tree.swift; sourceTree = "<group>"; };
		F312765221722AB8002081A0 /* Heap.swift */ = {isa = PBXFileReference; lastKnownFileType = sourcecode.swift; path = Heap.swift; sourceTree = "<group>"; };
		F3C15E562170DF15008AE773 /* Huanffman */ = {isa = PBXFileReference; explicitFileType = "compiled.mach-o.executable"; includeInIndex = 0; path = Huanffman; sourceTree = BUILT_PRODUCTS_DIR; };
		F3C15E592170DF15008AE773 /* main.c */ = {isa = PBXFileReference; lastKnownFileType = sourcecode.c.c; path = main.c; sourceTree = "<group>"; };
		F3C15E602170DF46008AE773 /* HTree.h */ = {isa = PBXFileReference; lastKnownFileType = sourcecode.c.h; path = HTree.h; sourceTree = "<group>"; };
		F3C15E612170E083008AE773 /* HTree.c */ = {isa = PBXFileReference; lastKnownFileType = sourcecode.c.c; path = HTree.c; sourceTree = "<group>"; };
		F3C15E6721716BE1008AE773 /* Huanffhuan */ = {isa = PBXFileReference; explicitFileType = "compiled.mach-o.executable"; includeInIndex = 0; path = Huanffhuan; sourceTree = BUILT_PRODUCTS_DIR; };
		F3C15E6921716BE1008AE773 /* main.swift */ = {isa = PBXFileReference; lastKnownFileType = sourcecode.swift; path = main.swift; sourceTree = "<group>"; };
/* End PBXFileReference section */

/* Begin PBXFrameworksBuildPhase section */
		F3C15E532170DF15008AE773 /* Frameworks */ = {
			isa = PBXFrameworksBuildPhase;
			buildActionMask = 2147483647;
			files = (
			);
			runOnlyForDeploymentPostprocessing = 0;
		};
		F3C15E6421716BE1008AE773 /* Frameworks */ = {
			isa = PBXFrameworksBuildPhase;
			buildActionMask = 2147483647;
			files = (
			);
			runOnlyForDeploymentPostprocessing = 0;
		};
/* End PBXFrameworksBuildPhase section */

/* Begin PBXGroup section */
		F3C15E4D2170DF15008AE773 = {
			isa = PBXGroup;
			children = (
				F3C15E582170DF15008AE773 /* Huanffman */,
				F3C15E6821716BE1008AE773 /* Huanffhuan */,
				F3C15E572170DF15008AE773 /* Products */,
			);
			sourceTree = "<group>";
		};
		F3C15E572170DF15008AE773 /* Products */ = {
			isa = PBXGroup;
			children = (
				F3C15E562170DF15008AE773 /* Huanffman */,
				F3C15E6721716BE1008AE773 /* Huanffhuan */,
			);
			name = Products;
			sourceTree = "<group>";
		};
		F3C15E582170DF15008AE773 /* Huanffman */ = {
			isa = PBXGroup;
			children = (
				F3C15E592170DF15008AE773 /* main.c */,
				F3C15E602170DF46008AE773 /* HTree.h */,
				F3C15E612170E083008AE773 /* HTree.c */,
			);
			path = Huanffman;
			sourceTree = "<group>";
		};
		F3C15E6821716BE1008AE773 /* Huanffhuan */ = {
			isa = PBXGroup;
			children = (
				F3C15E6921716BE1008AE773 /* main.swift */,
				F312764E21720340002081A0 /* HuffmanTree.swift */,
				F3127650217206B5002081A0 /* Tree.swift */,
				F312765221722AB8002081A0 /* Heap.swift */,
			);
			path = Huanffhuan;
			sourceTree = "<group>";
		};
/* End PBXGroup section */

/* Begin PBXNativeTarget section */
		F3C15E552170DF15008AE773 /* Huanffman */ = {
			isa = PBXNativeTarget;
			buildConfigurationList = F3C15E5D2170DF15008AE773 /* Build configuration list for PBXNativeTarget "Huanffman" */;
			buildPhases = (
				F3C15E522170DF15008AE773 /* Sources */,
				F3C15E532170DF15008AE773 /* Frameworks */,
				F3C15E542170DF15008AE773 /* CopyFiles */,
			);
			buildRules = (
			);
			dependencies = (
			);
			name = Huanffman;
			productName = Huanffman;
			productReference = F3C15E562170DF15008AE773 /* Huanffman */;
			productType = "com.apple.product-type.tool";
		};
		F3C15E6621716BE1008AE773 /* Huanffhuan */ = {
			isa = PBXNativeTarget;
			buildConfigurationList = F3C15E6B21716BE1008AE773 /* Build configuration list for PBXNativeTarget "Huanffhuan" */;
			buildPhases = (
				F3C15E6321716BE1008AE773 /* Sources */,
				F3C15E6421716BE1008AE773 /* Frameworks */,
				F3C15E6521716BE1008AE773 /* CopyFiles */,
			);
			buildRules = (
			);
			dependencies = (
			);
			name = Huanffhuan;
			productName = Huanffhuan;
			productReference = F3C15E6721716BE1008AE773 /* Huanffhuan */;
			productType = "com.apple.product-type.tool";
		};
/* End PBXNativeTarget section */

/* Begin PBXProject section */
		F3C15E4E2170DF15008AE773 /* Project object */ = {
			isa = PBXProject;
			attributes = {
				LastSwiftUpdateCheck = 1000;
				LastUpgradeCheck = 1000;
				ORGANIZATIONNAME = ChuXiaoMin;
				TargetAttributes = {
					F3C15E552170DF15008AE773 = {
						CreatedOnToolsVersion = 10.0;
					};
					F3C15E6621716BE1008AE773 = {
						CreatedOnToolsVersion = 10.0;
					};
				};
			};
			buildConfigurationList = F3C15E512170DF15008AE773 /* Build configuration list for PBXProject "Huanffman" */;
			compatibilityVersion = "Xcode 9.3";
			developmentRegion = en;
			hasScannedForEncodings = 0;
			knownRegions = (
				en,
			);
			mainGroup = F3C15E4D2170DF15008AE773;
			productRefGroup = F3C15E572170DF15008AE773 /* Products */;
			projectDirPath = "";
			projectRoot = "";
			targets = (
				F3C15E552170DF15008AE773 /* Huanffman */,
				F3C15E6621716BE1008AE773 /* Huanffhuan */,
			);
		};
/* End PBXProject section */

/* Begin PBXSourcesBuildPhase section */
		F3C15E522170DF15008AE773 /* Sources */ = {
			isa = PBXSourcesBuildPhase;
			buildActionMask = 2147483647;
			files = (
				F3C15E622170E083008AE773 /* HTree.c in Sources */,
				F3C15E5A2170DF15008AE773 /* main.c in Sources */,
			);
			runOnlyForDeploymentPostprocessing = 0;
		};
		F3C15E6321716BE1008AE773 /* Sources */ = {
			isa = PBXSourcesBuildPhase;
			buildActionMask = 2147483647;
			files = (
				F3127651217206B5002081A0 /* Tree.swift in Sources */,
				F3C15E6A21716BE1008AE773 /* main.swift in Sources */,
				F312764F21720340002081A0 /* HuffmanTree.swift in Sources */,
				F312765321722AB8002081A0 /* Heap.swift in Sources */,
			);
			runOnlyForDeploymentPostprocessing = 0;
		};
/* End PBXSourcesBuildPhase section */

/* Begin XCBuildConfiguration section */
		F3C15E5B2170DF15008AE773 /* Debug */ = {
			isa = XCBuildConfiguration;
			buildSettings = {
				ALWAYS_SEARCH_USER_PATHS = NO;
				CLANG_ANALYZER_NONNULL = YES;
				CLANG_ANALYZER_NUMBER_OBJECT_CONVERSION = YES_AGGRESSIVE;
				CLANG_CXX_LANGUAGE_STANDARD = "gnu++14";
				CLANG_CXX_LIBRARY = "libc++";
				CLANG_ENABLE_MODULES = YES;
				CLANG_ENABLE_OBJC_ARC = YES;
				CLANG_ENABLE_OBJC_WEAK = YES;
				CLANG_WARN_BLOCK_CAPTURE_AUTORELEASING = YES;
				CLANG_WARN_BOOL_CONVERSION = YES;
				CLANG_WARN_COMMA = YES;
				CLANG_WARN_CONSTANT_CONVERSION = YES;
				CLANG_WARN_DEPRECATED_OBJC_IMPLEMENTATIONS = YES;
				CLANG_WARN_DIRECT_OBJC_ISA_USAGE = YES_ERROR;
				CLANG_WARN_DOCUMENTATION_COMMENTS = YES;
				CLANG_WARN_EMPTY_BODY = YES;
				CLANG_WARN_ENUM_CONVERSION = YES;
				CLANG_WARN_INFINITE_RECURSION = YES;
				CLANG_WARN_INT_CONVERSION = YES;
				CLANG_WARN_NON_LITERAL_NULL_CONVERSION = YES;
				CLANG_WARN_OBJC_IMPLICIT_RETAIN_SELF = YES;
				CLANG_WARN_OBJC_LITERAL_CONVERSION = YES;
				CLANG_WARN_OBJC_ROOT_CLASS = YES_ERROR;
				CLANG_WARN_RANGE_LOOP_ANALYSIS = YES;
				CLANG_WARN_STRICT_PROTOTYPES = YES;
				CLANG_WARN_SUSPICIOUS_MOVE = YES;
				CLANG_WARN_UNGUARDED_AVAILABILITY = YES_AGGRESSIVE;
				CLANG_WARN_UNREACHABLE_CODE = YES;
				CLANG_WARN__DUPLICATE_METHOD_MATCH = YES;
				CODE_SIGN_IDENTITY = "Mac Developer";
				COPY_PHASE_STRIP = NO;
				DEBUG_INFORMATION_FORMAT = dwarf;
				ENABLE_STRICT_OBJC_MSGSEND = YES;
				ENABLE_TESTABILITY = YES;
				GCC_C_LANGUAGE_STANDARD = gnu11;
				GCC_DYNAMIC_NO_PIC = NO;
				GCC_NO_COMMON_BLOCKS = YES;
				GCC_OPTIMIZATION_LEVEL = 0;
				GCC_PREPROCESSOR_DEFINITIONS = (
					"DEBUG=1",
					"$(inherited)",
				);
				GCC_WARN_64_TO_32_BIT_CONVERSION = YES;
				GCC_WARN_ABOUT_RETURN_TYPE = YES_ERROR;
				GCC_WARN_UNDECLARED_SELECTOR = YES;
				GCC_WARN_UNINITIALIZED_AUTOS = YES_AGGRESSIVE;
				GCC_WARN_UNUSED_FUNCTION = YES;
				GCC_WARN_UNUSED_VARIABLE = YES;
				MACOSX_DEPLOYMENT_TARGET = 10.14;
				MTL_ENABLE_DEBUG_INFO = INCLUDE_SOURCE;
				MTL_FAST_MATH = YES;
				ONLY_ACTIVE_ARCH = YES;
				SDKROOT = macosx;
			};
			name = Debug;
		};
		F3C15E5C2170DF15008AE773 /* Release */ = {
			isa = XCBuildConfiguration;
			buildSettings = {
				ALWAYS_SEARCH_USER_PATHS = NO;
				CLANG_ANALYZER_NONNULL = YES;
				CLANG_ANALYZER_NUMBER_OBJECT_CONVERSION = YES_AGGRESSIVE;
				CLANG_CXX_LANGUAGE_STANDARD = "gnu++14";
				CLANG_CXX_LIBRARY = "libc++";
				CLANG_ENABLE_MODULES = YES;
				CLANG_ENABLE_OBJC_ARC = YES;
				CLANG_ENABLE_OBJC_WEAK = YES;
				CLANG_WARN_BLOCK_CAPTURE_AUTORELEASING = YES;
				CLANG_WARN_BOOL_CONVERSION = YES;
				CLANG_WARN_COMMA = YES;
				CLANG_WARN_CONSTANT_CONVERSION = YES;
				CLANG_WARN_DEPRECATED_OBJC_IMPLEMENTATIONS = YES;
				CLANG_WARN_DIRECT_OBJC_ISA_USAGE = YES_ERROR;
				CLANG_WARN_DOCUMENTATION_COMMENTS = YES;
				CLANG_WARN_EMPTY_BODY = YES;
				CLANG_WARN_ENUM_CONVERSION = YES;
				CLANG_WARN_INFINITE_RECURSION = YES;
				CLANG_WARN_INT_CONVERSION = YES;
				CLANG_WARN_NON_LITERAL_NULL_CONVERSION = YES;
				CLANG_WARN_OBJC_IMPLICIT_RETAIN_SELF = YES;
				CLANG_WARN_OBJC_LITERAL_CONVERSION = YES;
				CLANG_WARN_OBJC_ROOT_CLASS = YES_ERROR;
				CLANG_WARN_RANGE_LOOP_ANALYSIS = YES;
				CLANG_WARN_STRICT_PROTOTYPES = YES;
				CLANG_WARN_SUSPICIOUS_MOVE = YES;
				CLANG_WARN_UNGUARDED_AVAILABILITY = YES_AGGRESSIVE;
				CLANG_WARN_UNREACHABLE_CODE = YES;
				CLANG_WARN__DUPLICATE_METHOD_MATCH = YES;
				CODE_SIGN_IDENTITY = "Mac Developer";
				COPY_PHASE_STRIP = NO;
				DEBUG_INFORMATION_FORMAT = "dwarf-with-dsym";
				ENABLE_NS_ASSERTIONS = NO;
				ENABLE_STRICT_OBJC_MSGSEND = YES;
				GCC_C_LANGUAGE_STANDARD = gnu11;
				GCC_NO_COMMON_BLOCKS = YES;
				GCC_WARN_64_TO_32_BIT_CONVERSION = YES;
				GCC_WARN_ABOUT_RETURN_TYPE = YES_ERROR;
				GCC_WARN_UNDECLARED_SELECTOR = YES;
				GCC_WARN_UNINITIALIZED_AUTOS = YES_AGGRESSIVE;
				GCC_WARN_UNUSED_FUNCTION = YES;
				GCC_WARN_UNUSED_VARIABLE = YES;
				MACOSX_DEPLOYMENT_TARGET = 10.14;
				MTL_ENABLE_DEBUG_INFO = NO;
				MTL_FAST_MATH = YES;
				SDKROOT = macosx;
			};
			name = Release;
		};
		F3C15E5E2170DF15008AE773 /* Debug */ = {
			isa = XCBuildConfiguration;
			buildSettings = {
				CODE_SIGN_STYLE = Automatic;
				DEVELOPMENT_TEAM = ZBEML43H4T;
				PRODUCT_NAME = "$(TARGET_NAME)";
			};
			name = Debug;
		};
		F3C15E5F2170DF15008AE773 /* Release */ = {
			isa = XCBuildConfiguration;
			buildSettings = {
				CODE_SIGN_STYLE = Automatic;
				DEVELOPMENT_TEAM = ZBEML43H4T;
				PRODUCT_NAME = "$(TARGET_NAME)";
			};
			name = Release;
		};
		F3C15E6C21716BE1008AE773 /* Debug */ = {
			isa = XCBuildConfiguration;
			buildSettings = {
				CODE_SIGN_STYLE = Automatic;
				DEVELOPMENT_TEAM = ZBEML43H4T;
				PRODUCT_NAME = "$(TARGET_NAME)";
				SWIFT_ACTIVE_COMPILATION_CONDITIONS = DEBUG;
				SWIFT_OPTIMIZATION_LEVEL = "-Onone";
				SWIFT_VERSION = 4.2;
			};
			name = Debug;
		};
		F3C15E6D21716BE1008AE773 /* Release */ = {
			isa = XCBuildConfiguration;
			buildSettings = {
				CODE_SIGN_STYLE = Automatic;
				DEVELOPMENT_TEAM = ZBEML43H4T;
				PRODUCT_NAME = "$(TARGET_NAME)";
				SWIFT_COMPILATION_MODE = wholemodule;
				SWIFT_OPTIMIZATION_LEVEL = "-O";
				SWIFT_VERSION = 4.2;
			};
			name = Release;
		};
/* End XCBuildConfiguration section */

/* Begin XCConfigurationList section */
		F3C15E512170DF15008AE773 /* Build configuration list for PBXProject "Huanffman" */ = {
			isa = XCConfigurationList;
			buildConfigurations = (
				F3C15E5B2170DF15008AE773 /* Debug */,
				F3C15E5C2170DF15008AE773 /* Release */,
			);
			defaultConfigurationIsVisible = 0;
			defaultConfigurationName = Release;
		};
		F3C15E5D2170DF15008AE773 /* Build configuration list for PBXNativeTarget "Huanffman" */ = {
			isa = XCConfigurationList;
			buildConfigurations = (
				F3C15E5E2170DF15008AE773 /* Debug */,
				F3C15E5F2170DF15008AE773 /* Release */,
			);
			defaultConfigurationIsVisible = 0;
			defaultConfigurationName = Release;
		};
		F3C15E6B21716BE1008AE773 /* Build configuration list for PBXNativeTarget "Huanffhuan" */ = {
			isa = XCConfigurationList;
			buildConfigurations = (
				F3C15E6C21716BE1008AE773 /* Debug */,
				F3C15E6D21716BE1008AE773 /* Release */,
			);
			defaultConfigurationIsVisible = 0;
			defaultConfigurationName = Release;
		};
/* End XCConfigurationList section */
	};
	rootObject = F3C15E4E2170DF15008AE773 /* Project object */;
}
